
Microsoft Visual Studio Solution File, Format Version 12.00
# Visual Studio Version 16
VisualStudioVersion = 16.0.32802.440
MinimumVisualStudioVersion = 10.0.40219.1
Project("{FAE04EC0-301F-11D3-BF4B-00C04F79EFBC}") = "Ewaste Collection", "Ewaste Collection.csproj", "{164EE0B3-93CF-4FF8-888D-18351716FD68}"
EndProject
Global
	GlobalSection(SolutionConfigurationPlatforms) = preSolution
		Debug|Any CPU = Debug|Any CPU
		Release|Any CPU = Release|Any CPU
	EndGlobalSection
	GlobalSection(ProjectConfigurationPlatforms) = postSolution
		{164EE0B3-93CF-4FF8-888D-18351716FD68}.Debug|Any CPU.ActiveCfg = Debug|Any CPU
		{164EE0B3-93CF-4FF8-888D-18351716FD68}.Debug|Any CPU.Build.0 = Debug|Any CPU
		{164EE0B3-93CF-4FF8-888D-18351716FD68}.Release|Any CPU.ActiveCfg = Release|Any CPU
		{164EE0B3-93CF-4FF8-888D-18351716FD68}.Release|Any CPU.Build.0 = Release|Any CPU
	EndGlobalSection
	GlobalSection(SolutionProperties) = preSolution
		HideSolutionNode = FALSE
	EndGlobalSection
	GlobalSection(ExtensibilityGlobals) = postSolution
		SolutionGuid = {FBC06077-F929-4D12-ABA7-F46C4FC2AAFC}
	EndGlobalSection
EndGlobal
